// !$*UTF8*$!
{
	archiveVersion = 1;
	classes = {
	};
	objectVersion = 50;
	objects = {

/* Begin PBXBuildFile section */
		3DC109A828B7D15500652E75 /* AppDelegate.swift in Sources */ = {isa = PBXBuildFile; fileRef = 3DC109A728B7D15500652E75 /* AppDelegate.swift */; };
		3DC109AA28B7D15500652E75 /* SceneDelegate.swift in Sources */ = {isa = PBXBuildFile; fileRef = 3DC109A928B7D15500652E75 /* SceneDelegate.swift */; };
		3DC109AC28B7D15500652E75 /* ViewController.swift in Sources */ = {isa = PBXBuildFile; fileRef = 3DC109AB28B7D15500652E75 /* ViewController.swift */; };
		3DC109AF28B7D15500652E75 /* Main.storyboard in Resources */ = {isa = PBXBuildFile; fileRef = 3DC109AD28B7D15500652E75 /* Main.storyboard */; };
		3DC109B128B7D15900652E75 /* Assets.xcassets in Resources */ = {isa = PBXBuildFile; fileRef = 3DC109B028B7D15900652E75 /* Assets.xcassets */; };
		3DC109B428B7D15900652E75 /* LaunchScreen.storyboard in Resources */ = {isa = PBXBuildFile; fileRef = 3DC109B228B7D15900652E75 /* LaunchScreen.storyboard */; };
		3DC109BF28B7D15900652E75 /* UI_PeliculaTests.swift in Sources */ = {isa = PBXBuildFile; fileRef = 3DC109BE28B7D15900652E75 /* UI_PeliculaTests.swift */; };
		3DC109CA28B7D15900652E75 /* UI_PeliculaUITests.swift in Sources */ = {isa = PBXBuildFile; fileRef = 3DC109C928B7D15900652E75 /* UI_PeliculaUITests.swift */; };
/* End PBXBuildFile section */

/* Begin PBXContainerItemProxy section */
		3DC109BB28B7D15900652E75 /* PBXContainerItemProxy */ = {
			isa = PBXContainerItemProxy;
			containerPortal = 3DC1099C28B7D15500652E75 /* Project object */;
			proxyType = 1;
			remoteGlobalIDString = 3DC109A328B7D15500652E75;
			remoteInfo = "UI-Pelicula";
		};
		3DC109C628B7D15900652E75 /* PBXContainerItemProxy */ = {
			isa = PBXContainerItemProxy;
			containerPortal = 3DC1099C28B7D15500652E75 /* Project object */;
			proxyType = 1;
			remoteGlobalIDString = 3DC109A328B7D15500652E75;
			remoteInfo = "UI-Pelicula";
		};
/* End PBXContainerItemProxy section */

/* Begin PBXFileReference section */
		3DC109A428B7D15500652E75 /* UI-Pelicula.app */ = {isa = PBXFileReference; explicitFileType = wrapper.application; includeInIndex = 0; path = "UI-Pelicula.app"; sourceTree = BUILT_PRODUCTS_DIR; };
		3DC109A728B7D15500652E75 /* AppDelegate.swift */ = {isa = PBXFileReference; lastKnownFileType = sourcecode.swift; path = AppDelegate.swift; sourceTree = "<group>"; };
		3DC109A928B7D15500652E75 /* SceneDelegate.swift */ = {isa = PBXFileReference; lastKnownFileType = sourcecode.swift; path = SceneDelegate.swift; sourceTree = "<group>"; };
		3DC109AB28B7D15500652E75 /* ViewController.swift */ = {isa = PBXFileReference; lastKnownFileType = sourcecode.swift; path = ViewController.swift; sourceTree = "<group>"; };
		3DC109AE28B7D15500652E75 /* Base */ = {isa = PBXFileReference; lastKnownFileType = file.storyboard; name = Base; path = Base.lproj/Main.storyboard; sourceTree = "<group>"; };
		3DC109B028B7D15900652E75 /* Assets.xcassets */ = {isa = PBXFileReference; lastKnownFileType = folder.assetcatalog; path = Assets.xcassets; sourceTree = "<group>"; };
		3DC109B328B7D15900652E75 /* Base */ = {isa = PBXFileReference; lastKnownFileType = file.storyboard; name = Base; path = Base.lproj/LaunchScreen.storyboard; sourceTree = "<group>"; };
		3DC109B528B7D15900652E75 /* Info.plist */ = {isa = PBXFileReference; lastKnownFileType = text.plist.xml; path = Info.plist; sourceTree = "<group>"; };
		3DC109BA28B7D15900652E75 /* UI-PeliculaTests.xctest */ = {isa = PBXFileReference; explicitFileType = wrapper.cfbundle; includeInIndex = 0; path = "UI-PeliculaTests.xctest"; sourceTree = BUILT_PRODUCTS_DIR; };
		3DC109BE28B7D15900652E75 /* UI_PeliculaTests.swift */ = {isa = PBXFileReference; lastKnownFileType = sourcecode.swift; path = UI_PeliculaTests.swift; sourceTree = "<group>"; };
		3DC109C028B7D15900652E75 /* Info.plist */ = {isa = PBXFileReference; lastKnownFileType = text.plist.xml; path = Info.plist; sourceTree = "<group>"; };
		3DC109C528B7D15900652E75 /* UI-PeliculaUITests.xctest */ = {isa = PBXFileReference; explicitFileType = wrapper.cfbundle; includeInIndex = 0; path = "UI-PeliculaUITests.xctest"; sourceTree = BUILT_PRODUCTS_DIR; };
		3DC109C928B7D15900652E75 /* UI_PeliculaUITests.swift */ = {isa = PBXFileReference; lastKnownFileType = sourcecode.swift; path = UI_PeliculaUITests.swift; sourceTree = "<group>"; };
		3DC109CB28B7D15900652E75 /* Info.plist */ = {isa = PBXFileReference; lastKnownFileType = text.plist.xml; path = Info.plist; sourceTree = "<group>"; };
/* End PBXFileReference section */

/* Begin PBXFrameworksBuildPhase section */
		3DC109A128B7D15500652E75 /* Frameworks */ = {
			isa = PBXFrameworksBuildPhase;
			buildActionMask = 2147483647;
			files = (
			);
			runOnlyForDeploymentPostprocessing = 0;
		};
		3DC109B728B7D15900652E75 /* Frameworks */ = {
			isa = PBXFrameworksBuildPhase;
			buildActionMask = 2147483647;
			files = (
			);
			runOnlyForDeploymentPostprocessing = 0;
		};
		3DC109C228B7D15900652E75 /* Frameworks */ = {
			isa = PBXFrameworksBuildPhase;
			buildActionMask = 2147483647;
			files = (
			);
			runOnlyForDeploymentPostprocessing = 0;
		};
/* End PBXFrameworksBuildPhase section */

/* Begin PBXGroup section */
		3DC1099B28B7D15500652E75 = {
			isa = PBXGroup;
			children = (
				3DC109A628B7D15500652E75 /* UI-Pelicula */,
				3DC109BD28B7D15900652E75 /* UI-PeliculaTests */,
				3DC109C828B7D15900652E75 /* UI-PeliculaUITests */,
				3DC109A528B7D15500652E75 /* Products */,
			);
			sourceTree = "<group>";
		};
		3DC109A528B7D15500652E75 /* Products */ = {
			isa = PBXGroup;
			children = (
				3DC109A428B7D15500652E75 /* UI-Pelicula.app */,
				3DC109BA28B7D15900652E75 /* UI-PeliculaTests.xctest */,
				3DC109C528B7D15900652E75 /* UI-PeliculaUITests.xctest */,
			);
			name = Products;
			sourceTree = "<group>";
		};
		3DC109A628B7D15500652E75 /* UI-Pelicula */ = {
			isa = PBXGroup;
			children = (
				3DC109A728B7D15500652E75 /* AppDelegate.swift */,
				3DC109A928B7D15500652E75 /* SceneDelegate.swift */,
				3DC109AB28B7D15500652E75 /* ViewController.swift */,
				3DC109AD28B7D15500652E75 /* Main.storyboard */,
				3DC109B028B7D15900652E75 /* Assets.xcassets */,
				3DC109B228B7D15900652E75 /* LaunchScreen.storyboard */,
				3DC109B528B7D15900652E75 /* Info.plist */,
			);
			path = "UI-Pelicula";
			sourceTree = "<group>";
		};
		3DC109BD28B7D15900652E75 /* UI-PeliculaTests */ = {
			isa = PBXGroup;
			children = (
				3DC109BE28B7D15900652E75 /* UI_PeliculaTests.swift */,
				3DC109C028B7D15900652E75 /* Info.plist */,
			);
			path = "UI-PeliculaTests";
			sourceTree = "<group>";
		};
		3DC109C828B7D15900652E75 /* UI-PeliculaUITests */ = {
			isa = PBXGroup;
			children = (
				3DC109C928B7D15900652E75 /* UI_PeliculaUITests.swift */,
				3DC109CB28B7D15900652E75 /* Info.plist */,
			);
			path = "UI-PeliculaUITests";
			sourceTree = "<group>";
		};
/* End PBXGroup section */

/* Begin PBXNativeTarget section */
		3DC109A328B7D15500652E75 /* UI-Pelicula */ = {
			isa = PBXNativeTarget;
			buildConfigurationList = 3DC109CE28B7D15900652E75 /* Build configuration list for PBXNativeTarget "UI-Pelicula" */;
			buildPhases = (
				3DC109A028B7D15500652E75 /* Sources */,
				3DC109A128B7D15500652E75 /* Frameworks */,
				3DC109A228B7D15500652E75 /* Resources */,
			);
			buildRules = (
			);
			dependencies = (
			);
			name = "UI-Pelicula";
			productName = "UI-Pelicula";
			productReference = 3DC109A428B7D15500652E75 /* UI-Pelicula.app */;
			productType = "com.apple.product-type.application";
		};
		3DC109B928B7D15900652E75 /* UI-PeliculaTests */ = {
			isa = PBXNativeTarget;
			buildConfigurationList = 3DC109D128B7D15900652E75 /* Build configuration list for PBXNativeTarget "UI-PeliculaTests" */;
			buildPhases = (
				3DC109B628B7D15900652E75 /* Sources */,
				3DC109B728B7D15900652E75 /* Frameworks */,
				3DC109B828B7D15900652E75 /* Resources */,
			);
			buildRules = (
			);
			dependencies = (
				3DC109BC28B7D15900652E75 /* PBXTargetDependency */,
			);
			name = "UI-PeliculaTests";
			productName = "UI-PeliculaTests";
			productReference = 3DC109BA28B7D15900652E75 /* UI-PeliculaTests.xctest */;
			productType = "com.apple.product-type.bundle.unit-test";
		};
		3DC109C428B7D15900652E75 /* UI-PeliculaUITests */ = {
			isa = PBXNativeTarget;
			buildConfigurationList = 3DC109D428B7D15900652E75 /* Build configuration list for PBXNativeTarget "UI-PeliculaUITests" */;
			buildPhases = (
				3DC109C128B7D15900652E75 /* Sources */,
				3DC109C228B7D15900652E75 /* Frameworks */,
				3DC109C328B7D15900652E75 /* Resources */,
			);
			buildRules = (
			);
			dependencies = (
				3DC109C728B7D15900652E75 /* PBXTargetDependency */,
			);
			name = "UI-PeliculaUITests";
			productName = "UI-PeliculaUITests";
			productReference = 3DC109C528B7D15900652E75 /* UI-PeliculaUITests.xctest */;
			productType = "com.apple.product-type.bundle.ui-testing";
		};
/* End PBXNativeTarget section */

/* Begin PBXProject section */
		3DC1099C28B7D15500652E75 /* Project object */ = {
			isa = PBXProject;
			attributes = {
				LastSwiftUpdateCheck = 1130;
				LastUpgradeCheck = 1130;
				ORGANIZATIONNAME = ULSA;
				TargetAttributes = {
					3DC109A328B7D15500652E75 = {
						CreatedOnToolsVersion = 11.3.1;
					};
					3DC109B928B7D15900652E75 = {
						CreatedOnToolsVersion = 11.3.1;
						TestTargetID = 3DC109A328B7D15500652E75;
					};
					3DC109C428B7D15900652E75 = {
						CreatedOnToolsVersion = 11.3.1;
						TestTargetID = 3DC109A328B7D15500652E75;
					};
				};
			};
			buildConfigurationList = 3DC1099F28B7D15500652E75 /* Build configuration list for PBXProject "UI-Pelicula" */;
			compatibilityVersion = "Xcode 9.3";
			developmentRegion = en;
			hasScannedForEncodings = 0;
			knownRegions = (
				en,
				Base,
			);
			mainGroup = 3DC1099B28B7D15500652E75;
			productRefGroup = 3DC109A528B7D15500652E75 /* Products */;
			projectDirPath = "";
			projectRoot = "";
			targets = (
				3DC109A328B7D15500652E75 /* UI-Pelicula */,
				3DC109B928B7D15900652E75 /* UI-PeliculaTests */,
				3DC109C428B7D15900652E75 /* UI-PeliculaUITests */,
			);
		};
/* End PBXProject section */

/* Begin PBXResourcesBuildPhase section */
		3DC109A228B7D15500652E75 /* Resources */ = {
			isa = PBXResourcesBuildPhase;
			buildActionMask = 2147483647;
			files = (
				3DC109B428B7D15900652E75 /* LaunchScreen.storyboard in Resources */,
				3DC109B128B7D15900652E75 /* Assets.xcassets in Resources */,
				3DC109AF28B7D15500652E75 /* Main.storyboard in Resources */,
			);
			runOnlyForDeploymentPostprocessing = 0;
		};
		3DC109B828B7D15900652E75 /* Resources */ = {
			isa = PBXResourcesBuildPhase;
			buildActionMask = 2147483647;
			files = (
			);
			runOnlyForDeploymentPostprocessing = 0;
		};
		3DC109C328B7D15900652E75 /* Resources */ = {
			isa = PBXResourcesBuildPhase;
			buildActionMask = 2147483647;
			files = (
			);
			runOnlyForDeploymentPostprocessing = 0;
		};
/* End PBXResourcesBuildPhase section */

/* Begin PBXSourcesBuildPhase section */
		3DC109A028B7D15500652E75 /* Sources */ = {
			isa = PBXSourcesBuildPhase;
			buildActionMask = 2147483647;
			files = (
				3DC109AC28B7D15500652E75 /* ViewController.swift in Sources */,
				3DC109A828B7D15500652E75 /* AppDelegate.swift in Sources */,
				3DC109AA28B7D15500652E75 /* SceneDelegate.swift in Sources */,
			);
			runOnlyForDeploymentPostprocessing = 0;
		};
		3DC109B628B7D15900652E75 /* Sources */ = {
			isa = PBXSourcesBuildPhase;
			buildActionMask = 2147483647;
			files = (
				3DC109BF28B7D15900652E75 /* UI_PeliculaTests.swift in Sources */,
			);
			runOnlyForDeploymentPostprocessing = 0;
		};
		3DC109C128B7D15900652E75 /* Sources */ = {
			isa = PBXSourcesBuildPhase;
			buildActionMask = 2147483647;
			files = (
				3DC109CA28B7D15900652E75 /* UI_PeliculaUITests.swift in Sources */,
			);
			runOnlyForDeploymentPostprocessing = 0;
		};
/* End PBXSourcesBuildPhase section */

/* Begin PBXTargetDependency section */
		3DC109BC28B7D15900652E75 /* PBXTargetDependency */ = {
			isa = PBXTargetDependency;
			target = 3DC109A328B7D15500652E75 /* UI-Pelicula */;
			targetProxy = 3DC109BB28B7D15900652E75 /* PBXContainerItemProxy */;
		};
		3DC109C728B7D15900652E75 /* PBXTargetDependency */ = {
			isa = PBXTargetDependency;
			target = 3DC109A328B7D15500652E75 /* UI-Pelicula */;
			targetProxy = 3DC109C628B7D15900652E75 /* PBXContainerItemProxy */;
		};
/* End PBXTargetDependency section */

/* Begin PBXVariantGroup section */
		3DC109AD28B7D15500652E75 /* Main.storyboard */ = {
			isa = PBXVariantGroup;
			children = (
				3DC109AE28B7D15500652E75 /* Base */,
			);
			name = Main.storyboard;
			sourceTree = "<group>";
		};
		3DC109B228B7D15900652E75 /* LaunchScreen.storyboard */ = {
			isa = PBXVariantGroup;
			children = (
				3DC109B328B7D15900652E75 /* Base */,
			);
			name = LaunchScreen.storyboard;
			sourceTree = "<group>";
		};
/* End PBXVariantGroup section */

/* Begin XCBuildConfiguration section */
		3DC109CC28B7D15900652E75 /* Debug */ = {
			isa = XCBuildConfiguration;
			buildSettings = {
				ALWAYS_SEARCH_USER_PATHS = NO;
				CLANG_ANALYZER_NONNULL = YES;
				CLANG_ANALYZER_NUMBER_OBJECT_CONVERSION = YES_AGGRESSIVE;
				CLANG_CXX_LANGUAGE_STANDARD = "gnu++14";
				CLANG_CXX_LIBRARY = "libc++";
				CLANG_ENABLE_MODULES = YES;
				CLANG_ENABLE_OBJC_ARC = YES;
				CLANG_ENABLE_OBJC_WEAK = YES;
				CLANG_WARN_BLOCK_CAPTURE_AUTORELEASING = YES;
				CLANG_WARN_BOOL_CONVERSION = YES;
				CLANG_WARN_COMMA = YES;
				CLANG_WARN_CONSTANT_CONVERSION = YES;
				CLANG_WARN_DEPRECATED_OBJC_IMPLEMENTATIONS = YES;
				CLANG_WARN_DIRECT_OBJC_ISA_USAGE = YES_ERROR;
				CLANG_WARN_DOCUMENTATION_COMMENTS = YES;
				CLANG_WARN_EMPTY_BODY = YES;
				CLANG_WARN_ENUM_CONVERSION = YES;
				CLANG_WARN_INFINITE_RECURSION = YES;
				CLANG_WARN_INT_CONVERSION = YES;
				CLANG_WARN_NON_LITERAL_NULL_CONVERSION = YES;
				CLANG_WARN_OBJC_IMPLICIT_RETAIN_SELF = YES;
				CLANG_WARN_OBJC_LITERAL_CONVERSION = YES;
				CLANG_WARN_OBJC_ROOT_CLASS = YES_ERROR;
				CLANG_WARN_RANGE_LOOP_ANALYSIS = YES;
				CLANG_WARN_STRICT_PROTOTYPES = YES;
				CLANG_WARN_SUSPICIOUS_MOVE = YES;
				CLANG_WARN_UNGUARDED_AVAILABILITY = YES_AGGRESSIVE;
				CLANG_WARN_UNREACHABLE_CODE = YES;
				CLANG_WARN__DUPLICATE_METHOD_MATCH = YES;
				COPY_PHASE_STRIP = NO;
				DEBUG_INFORMATION_FORMAT = dwarf;
				ENABLE_STRICT_OBJC_MSGSEND = YES;
				ENABLE_TESTABILITY = YES;
				GCC_C_LANGUAGE_STANDARD = gnu11;
				GCC_DYNAMIC_NO_PIC = NO;
				GCC_NO_COMMON_BLOCKS = YES;
				GCC_OPTIMIZATION_LEVEL = 0;
				GCC_PREPROCESSOR_DEFINITIONS = (
					"DEBUG=1",
					"$(inherited)",
				);
				GCC_WARN_64_TO_32_BIT_CONVERSION = YES;
				GCC_WARN_ABOUT_RETURN_TYPE = YES_ERROR;
				GCC_WARN_UNDECLARED_SELECTOR = YES;
				GCC_WARN_UNINITIALIZED_AUTOS = YES_AGGRESSIVE;
				GCC_WARN_UNUSED_FUNCTION = YES;
				GCC_WARN_UNUSED_VARIABLE = YES;
				IPHONEOS_DEPLOYMENT_TARGET = 13.2;
				MTL_ENABLE_DEBUG_INFO = INCLUDE_SOURCE;
				MTL_FAST_MATH = YES;
				ONLY_ACTIVE_ARCH = YES;
				SDKROOT = iphoneos;
				SWIFT_ACTIVE_COMPILATION_CONDITIONS = DEBUG;
				SWIFT_OPTIMIZATION_LEVEL = "-Onone";
			};
			name = Debug;
		};
		3DC109CD28B7D15900652E75 /* Release */ = {
			isa = XCBuildConfiguration;
			buildSettings = {
				ALWAYS_SEARCH_USER_PATHS = NO;
				CLANG_ANALYZER_NONNULL = YES;
				CLANG_ANALYZER_NUMBER_OBJECT_CONVERSION = YES_AGGRESSIVE;
				CLANG_CXX_LANGUAGE_STANDARD = "gnu++14";
				CLANG_CXX_LIBRARY = "libc++";
				CLANG_ENABLE_MODULES = YES;
				CLANG_ENABLE_OBJC_ARC = YES;
				CLANG_ENABLE_OBJC_WEAK = YES;
				CLANG_WARN_BLOCK_CAPTURE_AUTORELEASING = YES;
				CLANG_WARN_BOOL_CONVERSION = YES;
				CLANG_WARN_COMMA = YES;
				CLANG_WARN_CONSTANT_CONVERSION = YES;
				CLANG_WARN_DEPRECATED_OBJC_IMPLEMENTATIONS = YES;
				CLANG_WARN_DIRECT_OBJC_ISA_USAGE = YES_ERROR;
				CLANG_WARN_DOCUMENTATION_COMMENTS = YES;
				CLANG_WARN_EMPTY_BODY = YES;
				CLANG_WARN_ENUM_CONVERSION = YES;
				CLANG_WARN_INFINITE_RECURSION = YES;
				CLANG_WARN_INT_CONVERSION = YES;
				CLANG_WARN_NON_LITERAL_NULL_CONVERSION = YES;
				CLANG_WARN_OBJC_IMPLICIT_RETAIN_SELF = YES;
				CLANG_WARN_OBJC_LITERAL_CONVERSION = YES;
				CLANG_WARN_OBJC_ROOT_CLASS = YES_ERROR;
				CLANG_WARN_RANGE_LOOP_ANALYSIS = YES;
				CLANG_WARN_STRICT_PROTOTYPES = YES;
				CLANG_WARN_SUSPICIOUS_MOVE = YES;
				CLANG_WARN_UNGUARDED_AVAILABILITY = YES_AGGRESSIVE;
				CLANG_WARN_UNREACHABLE_CODE = YES;
				CLANG_WARN__DUPLICATE_METHOD_MATCH = YES;
				COPY_PHASE_STRIP = NO;
				DEBUG_INFORMATION_FORMAT = "dwarf-with-dsym";
				ENABLE_NS_ASSERTIONS = NO;
				ENABLE_STRICT_OBJC_MSGSEND = YES;
				GCC_C_LANGUAGE_STANDARD = gnu11;
				GCC_NO_COMMON_BLOCKS = YES;
				GCC_WARN_64_TO_32_BIT_CONVERSION = YES;
				GCC_WARN_ABOUT_RETURN_TYPE = YES_ERROR;
				GCC_WARN_UNDECLARED_SELECTOR = YES;
				GCC_WARN_UNINITIALIZED_AUTOS = YES_AGGRESSIVE;
				GCC_WARN_UNUSED_FUNCTION = YES;
				GCC_WARN_UNUSED_VARIABLE = YES;
				IPHONEOS_DEPLOYMENT_TARGET = 13.2;
				MTL_ENABLE_DEBUG_INFO = NO;
				MTL_FAST_MATH = YES;
				SDKROOT = iphoneos;
				SWIFT_COMPILATION_MODE = wholemodule;
				SWIFT_OPTIMIZATION_LEVEL = "-O";
				VALIDATE_PRODUCT = YES;
			};
			name = Release;
		};
		3DC109CF28B7D15900652E75 /* Debug */ = {
			isa = XCBuildConfiguration;
			buildSettings = {
				ASSETCATALOG_COMPILER_APPICON_NAME = AppIcon;
				CODE_SIGN_STYLE = Automatic;
				INFOPLIST_FILE = "UI-Pelicula/Info.plist";
				LD_RUNPATH_SEARCH_PATHS = (
					"$(inherited)",
					"@executable_path/Frameworks",
				);
				PRODUCT_BUNDLE_IDENTIFIER = "edu.ulsa.UI-Pelicula";
				PRODUCT_NAME = "$(TARGET_NAME)";
				SWIFT_VERSION = 5.0;
				TARGETED_DEVICE_FAMILY = "1,2";
			};
			name = Debug;
		};
		3DC109D028B7D15900652E75 /* Release */ = {
			isa = XCBuildConfiguration;
			buildSettings = {
				ASSETCATALOG_COMPILER_APPICON_NAME = AppIcon;
				CODE_SIGN_STYLE = Automatic;
				INFOPLIST_FILE = "UI-Pelicula/Info.plist";
				LD_RUNPATH_SEARCH_PATHS = (
					"$(inherited)",
					"@executable_path/Frameworks",
				);
				PRODUCT_BUNDLE_IDENTIFIER = "edu.ulsa.UI-Pelicula";
				PRODUCT_NAME = "$(TARGET_NAME)";
				SWIFT_VERSION = 5.0;
				TARGETED_DEVICE_FAMILY = "1,2";
			};
			name = Release;
		};
		3DC109D228B7D15900652E75 /* Debug */ = {
			isa = XCBuildConfiguration;
			buildSettings = {
				ALWAYS_EMBED_SWIFT_STANDARD_LIBRARIES = YES;
				BUNDLE_LOADER = "$(TEST_HOST)";
				CODE_SIGN_STYLE = Automatic;
				INFOPLIST_FILE = "UI-PeliculaTests/Info.plist";
				IPHONEOS_DEPLOYMENT_TARGET = 13.2;
				LD_RUNPATH_SEARCH_PATHS = (
					"$(inherited)",
					"@executable_path/Frameworks",
					"@loader_path/Frameworks",
				);
				PRODUCT_BUNDLE_IDENTIFIER = "edu.ulsa.UI-PeliculaTests";
				PRODUCT_NAME = "$(TARGET_NAME)";
				SWIFT_VERSION = 5.0;
				TARGETED_DEVICE_FAMILY = "1,2";
				TEST_HOST = "$(BUILT_PRODUCTS_DIR)/UI-Pelicula.app/UI-Pelicula";
			};
			name = Debug;
		};
		3DC109D328B7D15900652E75 /* Release */ = {
			isa = XCBuildConfiguration;
			buildSettings = {
				ALWAYS_EMBED_SWIFT_STANDARD_LIBRARIES = YES;
				BUNDLE_LOADER = "$(TEST_HOST)";
				CODE_SIGN_STYLE = Automatic;
				INFOPLIST_FILE = "UI-PeliculaTests/Info.plist";
				IPHONEOS_DEPLOYMENT_TARGET = 13.2;
				LD_RUNPATH_SEARCH_PATHS = (
					"$(inherited)",
					"@executable_path/Frameworks",
					"@loader_path/Frameworks",
				);
				PRODUCT_BUNDLE_IDENTIFIER = "edu.ulsa.UI-PeliculaTests";
				PRODUCT_NAME = "$(TARGET_NAME)";
				SWIFT_VERSION = 5.0;
				TARGETED_DEVICE_FAMILY = "1,2";
				TEST_HOST = "$(BUILT_PRODUCTS_DIR)/UI-Pelicula.app/UI-Pelicula";
			};
			name = Release;
		};
		3DC109D528B7D15900652E75 /* Debug */ = {
			isa = XCBuildConfiguration;
			buildSettings = {
				ALWAYS_EMBED_SWIFT_STANDARD_LIBRARIES = YES;
				CODE_SIGN_STYLE = Automatic;
				INFOPLIST_FILE = "UI-PeliculaUITests/Info.plist";
				LD_RUNPATH_SEARCH_PATHS = (
					"$(inherited)",
					"@executable_path/Frameworks",
					"@loader_path/Frameworks",
				);
				PRODUCT_BUNDLE_IDENTIFIER = "edu.ulsa.UI-PeliculaUITests";
				PRODUCT_NAME = "$(TARGET_NAME)";
				SWIFT_VERSION = 5.0;
				TARGETED_DEVICE_FAMILY = "1,2";
				TEST_TARGET_NAME = "UI-Pelicula";
			};
			name = Debug;
		};
		3DC109D628B7D15900652E75 /* Release */ = {
			isa = XCBuildConfiguration;
			buildSettings = {
				ALWAYS_EMBED_SWIFT_STANDARD_LIBRARIES = YES;
				CODE_SIGN_STYLE = Automatic;
				INFOPLIST_FILE = "UI-PeliculaUITests/Info.plist";
				LD_RUNPATH_SEARCH_PATHS = (
					"$(inherited)",
					"@executable_path/Frameworks",
					"@loader_path/Frameworks",
				);
				PRODUCT_BUNDLE_IDENTIFIER = "edu.ulsa.UI-PeliculaUITests";
				PRODUCT_NAME = "$(TARGET_NAME)";
				SWIFT_VERSION = 5.0;
				TARGETED_DEVICE_FAMILY = "1,2";
				TEST_TARGET_NAME = "UI-Pelicula";
			};
			name = Release;
		};
/* End XCBuildConfiguration section */

/* Begin XCConfigurationList section */
		3DC1099F28B7D15500652E75 /* Build configuration list for PBXProject "UI-Pelicula" */ = {
			isa = XCConfigurationList;
			buildConfigurations = (
				3DC109CC28B7D15900652E75 /* Debug */,
				3DC109CD28B7D15900652E75 /* Release */,
			);
			defaultConfigurationIsVisible = 0;
			defaultConfigurationName = Release;
		};
		3DC109CE28B7D15900652E75 /* Build configuration list for PBXNativeTarget "UI-Pelicula" */ = {
			isa = XCConfigurationList;
			buildConfigurations = (
				3DC109CF28B7D15900652E75 /* Debug */,
				3DC109D028B7D15900652E75 /* Release */,
			);
			defaultConfigurationIsVisible = 0;
			defaultConfigurationName = Release;
		};
		3DC109D128B7D15900652E75 /* Build configuration list for PBXNativeTarget "UI-PeliculaTests" */ = {
			isa = XCConfigurationList;
			buildConfigurations = (
				3DC109D228B7D15900652E75 /* Debug */,
				3DC109D328B7D15900652E75 /* Release */,
			);
			defaultConfigurationIsVisible = 0;
			defaultConfigurationName = Release;
		};
		3DC109D428B7D15900652E75 /* Build configuration list for PBXNativeTarget "UI-PeliculaUITests" */ = {
			isa = XCConfigurationList;
			buildConfigurations = (
				3DC109D528B7D15900652E75 /* Debug */,
				3DC109D628B7D15900652E75 /* Release */,
			);
			defaultConfigurationIsVisible = 0;
			defaultConfigurationName = Release;
		};
/* End XCConfigurationList section */
	};
	rootObject = 3DC1099C28B7D15500652E75 /* Project object */;
}
